Microsoft Visual Studio Solution File, Format Version 12.00
# Visual Studio Version 17
VisualStudioVersion = 17.5.2.0
MinimumVisualStudioVersion = 10.0.40219.1
Project("{FAE04EC0-301F-11D3-BF4B-00C04F79EFBC}") = "TrafficToolEssentials", "TrafficToolEssentials\TrafficToolEssentials.csproj", "{FF7F497D-95D8-3739-F70F-B88BCF10B682}"
EndProject
Project("{2150E333-8FDC-42A3-9474-1A3956D46DE8}") = "CommonLibraries", "CommonLibraries", "{BDDE25B0-2669-1EFA-214E-02F887C067FC}"
EndProject
Project("{FAE04EC0-301F-11D3-BF4B-00C04F79EFBC}") = "LaneSystem", "CommonLibraries\LaneSystem\LaneSystem.csproj", "{A9966DD0-5EB5-A347-EE90-2103E9E0CC73}"
EndProject
Global
	GlobalSection(SolutionConfigurationPlatforms) = preSolution
		Debug|Any CPU = Debug|Any CPU
		Release|Any CPU = Release|Any CPU
	EndGlobalSection
	GlobalSection(ProjectConfigurationPlatforms) = postSolution
		{FF7F497D-95D8-3739-F70F-B88BCF10B682}.Debug|Any CPU.ActiveCfg = Debug|Any CPU
		{FF7F497D-95D8-3739-F70F-B88BCF10B682}.Debug|Any CPU.Build.0 = Debug|Any CPU
		{FF7F497D-95D8-3739-F70F-B88BCF10B682}.Release|Any CPU.ActiveCfg = Release|Any CPU
		{FF7F497D-95D8-3739-F70F-B88BCF10B682}.Release|Any CPU.Build.0 = Release|Any CPU
		{A9966DD0-5EB5-A347-EE90-2103E9E0CC73}.Debug|Any CPU.ActiveCfg = Debug|Any CPU
		{A9966DD0-5EB5-A347-EE90-2103E9E0CC73}.Debug|Any CPU.Build.0 = Debug|Any CPU
		{A9966DD0-5EB5-A347-EE90-2103E9E0CC73}.Release|Any CPU.ActiveCfg = Release|Any CPU
		{A9966DD0-5EB5-A347-EE90-2103E9E0CC73}.Release|Any CPU.Build.0 = Release|Any CPU
	EndGlobalSection
	GlobalSection(SolutionProperties) = preSolution
		HideSolutionNode = FALSE
	EndGlobalSection
	GlobalSection(NestedProjects) = preSolution
		{A9966DD0-5EB5-A347-EE90-2103E9E0CC73} = {BDDE25B0-2669-1EFA-214E-02F887C067FC}
	EndGlobalSection
	GlobalSection(ExtensibilityGlobals) = postSolution
		SolutionGuid = {57CA87EE-6390-458F-B18B-1EC9095838FB}
	EndGlobalSection
EndGlobal
